<?xml version="1.0" encoding="utf-8"?>
<Project ToolsVersion="4.0" xmlns="http://schemas.microsoft.com/developer/msbuild/2003">
  <ItemGroup>
    <Filter Include="Inc">
      <UniqueIdentifier>{e3a63329-3182-49e1-b1f2-7de5780f6298}</UniqueIdentifier>
    </Filter>
    <Filter Include="Src">
      <UniqueIdentifier>{b9f5bbab-880b-40d1-8d76-ba301fa9cce5}</UniqueIdentifier>
    </Filter>
    <Filter Include="Inc\Pathfinding">
      <UniqueIdentifier>{df9aeac5-3f0d-4483-bcd9-8ee56e527abe}</UniqueIdentifier>
    </Filter>
    <Filter Include="Src\Pathfinding">
      <UniqueIdentifier>{a460fc0f-ab86-48b8-a5dd-87150da714c7}</UniqueIdentifier>
    </Filter>
    <Filter Include="Inc\FSM">
      <UniqueIdentifier>{c26380ed-0a25-4e1e-829e-1a9a5225c2a2}</UniqueIdentifier>
    </Filter>
    <Filter Include="Src\Pch">
      <UniqueIdentifier>{c9075387-65c0-4780-a5a3-9d5c14de621c}</UniqueIdentifier>
    </Filter>
    <Filter Include="Inc\World">
      <UniqueIdentifier>{343cd394-9c7d-4b3d-aa03-cd213d616394}</UniqueIdentifier>
    </Filter>
    <Filter Include="Src\World">
      <UniqueIdentifier>{c435d3fb-9ad9-452c-80b1-0aeb9ed25213}</UniqueIdentifier>
    </Filter>
    <Filter Include="Inc\Steering">
      <UniqueIdentifier>{b61aceb6-6300-41d5-855f-aadda3bfa0cc}</UniqueIdentifier>
    </Filter>
    <Filter Include="Src\Steering">
      <UniqueIdentifier>{15344c6b-82ef-4d93-af70-d8051134a953}</UniqueIdentifier>
    </Filter>
    <Filter Include="Src\Perception">
      <UniqueIdentifier>{048d3f1a-12c4-4efb-aecb-93ea227493e2}</UniqueIdentifier>
    </Filter>
    <Filter Include="Inc\Perception">
      <UniqueIdentifier>{0c90d37a-3d96-40d0-8227-c1cc91190751}</UniqueIdentifier>
    </Filter>
  </ItemGroup>
  <ItemGroup>
    <ClInclude Include="Inc\AI.h">
      <Filter>Inc</Filter>
    </ClInclude>
    <ClInclude Include="Inc\Common.h">
      <Filter>Inc</Filter>
    </ClInclude>
    <ClInclude Include="Inc\AStar.h">
      <Filter>Inc\Pathfinding</Filter>
    </ClInclude>
    <ClInclude Include="Inc\BFS.h">
      <Filter>Inc\Pathfinding</Filter>
    </ClInclude>
    <ClInclude Include="Inc\DFS.h">
      <Filter>Inc\Pathfinding</Filter>
    </ClInclude>
    <ClInclude Include="Inc\Dijkstras.h">
      <Filter>Inc\Pathfinding</Filter>
    </ClInclude>
    <ClInclude Include="Inc\GridBasedGraph.h">
      <Filter>Inc\Pathfinding</Filter>
    </ClInclude>
    <ClInclude Include="Src\Precompiled.h">
      <Filter>Src\Pch</Filter>
    </ClInclude>
    <ClInclude Include="Inc\State.h">
      <Filter>Inc\FSM</Filter>
    </ClInclude>
    <ClInclude Include="Inc\StateMachine.h">
      <Filter>Inc\FSM</Filter>
    </ClInclude>
    <ClInclude Include="Inc\AIWorld.h">
      <Filter>Inc\World</Filter>
    </ClInclude>
    <ClInclude Include="Inc\Entity.h">
      <Filter>Inc\World</Filter>
    </ClInclude>
    <ClInclude Include="Inc\Agent.h">
      <Filter>Inc\World</Filter>
    </ClInclude>
    <ClInclude Include="Inc\SteeringModule.h">
      <Filter>Inc\Steering</Filter>
    </ClInclude>
    <ClInclude Include="Inc\SteeringBehavior.h">
      <Filter>Inc\Steering</Filter>
    </ClInclude>
    <ClInclude Include="Inc\SeekBehavior.h">
      <Filter>Inc\Steering</Filter>
    </ClInclude>
    <ClInclude Include="Inc\FleeBehavior.h">
      <Filter>Inc\Steering</Filter>
    </ClInclude>
    <ClInclude Include="Inc\ArriveBehavior.h">
      <Filter>Inc\Steering</Filter>
    </ClInclude>
    <ClInclude Include="Inc\WanderBehavior.h">
      <Filter>Inc\Steering</Filter>
    </ClInclude>
    <ClInclude Include="Inc\HideBehavior.h">
      <Filter>Inc\Steering</Filter>
    </ClInclude>
    <ClInclude Include="Inc\PerceptionModule.h">
      <Filter>Inc\Perception</Filter>
    </ClInclude>
    <ClInclude Include="Inc\MemoryRecord.h">
      <Filter>Inc\Perception</Filter>
    </ClInclude>
    <ClInclude Include="Inc\Sensor.h">
      <Filter>Inc\Perception</Filter>
    </ClInclude>
  </ItemGroup>
  <ItemGroup>
    <ClCompile Include="Src\Astar.cpp">
      <Filter>Src\Pathfinding</Filter>
    </ClCompile>
    <ClCompile Include="Src\BFS.cpp">
      <Filter>Src\Pathfinding</Filter>
    </ClCompile>
    <ClCompile Include="Src\DFS.cpp">
      <Filter>Src\Pathfinding</Filter>
    </ClCompile>
    <ClCompile Include="Src\Dijkstras.cpp">
      <Filter>Src\Pathfinding</Filter>
    </ClCompile>
    <ClCompile Include="Src\GridBasedGraph.cpp">
      <Filter>Src\Pathfinding</Filter>
    </ClCompile>
    <ClCompile Include="Src\Precompiled.cpp">
      <Filter>Src\Pch</Filter>
    </ClCompile>
    <ClCompile Include="Src\AIWorld.cpp">
      <Filter>Src\World</Filter>
    </ClCompile>
    <ClCompile Include="Src\Entity.cpp">
      <Filter>Src\World</Filter>
    </ClCompile>
    <ClCompile Include="Src\Agent.cpp">
      <Filter>Src\World</Filter>
    </ClCompile>
    <ClCompile Include="Src\SteeringModule.cpp">
      <Filter>Src\Steering</Filter>
    </ClCompile>
    <ClCompile Include="Src\SeekBehavior.cpp">
      <Filter>Src\Steering</Filter>
    </ClCompile>
    <ClCompile Include="Src\FleeBehavior.cpp">
      <Filter>Src\Steering</Filter>
    </ClCompile>
    <ClCompile Include="Src\ArriveBehavior.cpp">
      <Filter>Src\Steering</Filter>
    </ClCompile>
    <ClCompile Include="Src\WanderBehavior.cpp">
      <Filter>Src\Steering</Filter>
    </ClCompile>
    <ClCompile Include="Src\HideBehavior.cpp">
      <Filter>Src\Steering</Filter>
    </ClCompile>
    <ClCompile Include="Src\PerceptionModule.cpp">
      <Filter>Src\Perception</Filter>
    </ClCompile>
  </ItemGroup>
</Project>